// !$*UTF8*$!
{
	archiveVersion = 1;
	classes = {
	};
	objectVersion = 46;
	objects = {

/* Begin PBXBuildFile section */
		EC11BED61AF08DAD00843EEB /* UI.swift in Sources */ = {isa = PBXBuildFile; fileRef = EC11BED51AF08DAD00843EEB /* UI.swift */; };
		ECA462971AEFB442003CC654 /* AppDelegate.swift in Sources */ = {isa = PBXBuildFile; fileRef = ECA462961AEFB442003CC654 /* AppDelegate.swift */; };
		ECA462991AEFB442003CC654 /* ViewController.swift in Sources */ = {isa = PBXBuildFile; fileRef = ECA462981AEFB442003CC654 /* ViewController.swift */; };
		ECA4629C1AEFB442003CC654 /* Main.storyboard in Resources */ = {isa = PBXBuildFile; fileRef = ECA4629A1AEFB442003CC654 /* Main.storyboard */; };
		ECA4629E1AEFB442003CC654 /* Images.xcassets in Resources */ = {isa = PBXBuildFile; fileRef = ECA4629D1AEFB442003CC654 /* Images.xcassets */; };
		ECA462A11AEFB442003CC654 /* LaunchScreen.xib in Resources */ = {isa = PBXBuildFile; fileRef = ECA4629F1AEFB442003CC654 /* LaunchScreen.xib */; };
		ECA462AD1AEFB442003CC654 /* Swift______Tests.swift in Sources */ = {isa = PBXBuildFile; fileRef = ECA462AC1AEFB442003CC654 /* Swift______Tests.swift */; };
		ECA462B71AEFB45E003CC654 /* Curry.swift in Sources */ = {isa = PBXBuildFile; fileRef = ECA462B61AEFB45E003CC654 /* Curry.swift */; };
		ECA462B91AEFF737003CC654 /* Currying.swift in Sources */ = {isa = PBXBuildFile; fileRef = ECA462B81AEFF737003CC654 /* Currying.swift */; };
/* End PBXBuildFile section */

/* Begin PBXContainerItemProxy section */
		ECA462A71AEFB442003CC654 /* PBXContainerItemProxy */ = {
			isa = PBXContainerItemProxy;
			containerPortal = ECA462891AEFB442003CC654 /* Project object */;
			proxyType = 1;
			remoteGlobalIDString = ECA462901AEFB442003CC654;
			remoteInfo = "Swift之柯里化函数";
		};
/* End PBXContainerItemProxy section */

/* Begin PBXFileReference section */
		EC11BED51AF08DAD00843EEB /* UI.swift */ = {isa = PBXFileReference; fileEncoding = 4; lastKnownFileType = sourcecode.swift; path = UI.swift; sourceTree = "<group>"; };
		ECA462911AEFB442003CC654 /* Swift之柯里化函数.app */ = {isa = PBXFileReference; explicitFileType = wrapper.application; includeInIndex = 0; path = "Swift之柯里化函数.app"; sourceTree = BUILT_PRODUCTS_DIR; };
		ECA462951AEFB442003CC654 /* Info.plist */ = {isa = PBXFileReference; lastKnownFileType = text.plist.xml; path = Info.plist; sourceTree = "<group>"; };
		ECA462961AEFB442003CC654 /* AppDelegate.swift */ = {isa = PBXFileReference; lastKnownFileType = sourcecode.swift; path = AppDelegate.swift; sourceTree = "<group>"; };
		ECA462981AEFB442003CC654 /* ViewController.swift */ = {isa = PBXFileReference; lastKnownFileType = sourcecode.swift; path = ViewController.swift; sourceTree = "<group>"; };
		ECA4629B1AEFB442003CC654 /* Base */ = {isa = PBXFileReference; lastKnownFileType = file.storyboard; name = Base; path = Base.lproj/Main.storyboard; sourceTree = "<group>"; };
		ECA4629D1AEFB442003CC654 /* Images.xcassets */ = {isa = PBXFileReference; lastKnownFileType = folder.assetcatalog; path = Images.xcassets; sourceTree = "<group>"; };
		ECA462A01AEFB442003CC654 /* Base */ = {isa = PBXFileReference; lastKnownFileType = file.xib; name = Base; path = Base.lproj/LaunchScreen.xib; sourceTree = "<group>"; };
		ECA462A61AEFB442003CC654 /* Swift之柯里化函数Tests.xctest */ = {isa = PBXFileReference; explicitFileType = wrapper.cfbundle; includeInIndex = 0; path = "Swift之柯里化函数Tests.xctest"; sourceTree = BUILT_PRODUCTS_DIR; };
		ECA462AB1AEFB442003CC654 /* Info.plist */ = {isa = PBXFileReference; lastKnownFileType = text.plist.xml; path = Info.plist; sourceTree = "<group>"; };
		ECA462AC1AEFB442003CC654 /* Swift______Tests.swift */ = {isa = PBXFileReference; lastKnownFileType = sourcecode.swift; path = "Swift______Tests.swift"; sourceTree = "<group>"; };
		ECA462B61AEFB45E003CC654 /* Curry.swift */ = {isa = PBXFileReference; fileEncoding = 4; lastKnownFileType = sourcecode.swift; path = Curry.swift; sourceTree = "<group>"; };
		ECA462B81AEFF737003CC654 /* Currying.swift */ = {isa = PBXFileReference; fileEncoding = 4; lastKnownFileType = sourcecode.swift; path = Currying.swift; sourceTree = "<group>"; };
/* End PBXFileReference section */

/* Begin PBXFrameworksBuildPhase section */
		ECA4628E1AEFB442003CC654 /* Frameworks */ = {
			isa = PBXFrameworksBuildPhase;
			buildActionMask = 2147483647;
			files = (
			);
			runOnlyForDeploymentPostprocessing = 0;
		};
		ECA462A31AEFB442003CC654 /* Frameworks */ = {
			isa = PBXFrameworksBuildPhase;
			buildActionMask = 2147483647;
			files = (
			);
			runOnlyForDeploymentPostprocessing = 0;
		};
/* End PBXFrameworksBuildPhase section */

/* Begin PBXGroup section */
		ECA462881AEFB442003CC654 = {
			isa = PBXGroup;
			children = (
				ECA462931AEFB442003CC654 /* Swift之柯里化函数 */,
				ECA462A91AEFB442003CC654 /* Swift之柯里化函数Tests */,
				ECA462921AEFB442003CC654 /* Products */,
			);
			sourceTree = "<group>";
		};
		ECA462921AEFB442003CC654 /* Products */ = {
			isa = PBXGroup;
			children = (
				ECA462911AEFB442003CC654 /* Swift之柯里化函数.app */,
				ECA462A61AEFB442003CC654 /* Swift之柯里化函数Tests.xctest */,
			);
			name = Products;
			sourceTree = "<group>";
		};
		ECA462931AEFB442003CC654 /* Swift之柯里化函数 */ = {
			isa = PBXGroup;
			children = (
				ECA462961AEFB442003CC654 /* AppDelegate.swift */,
				ECA462981AEFB442003CC654 /* ViewController.swift */,
				ECA4629A1AEFB442003CC654 /* Main.storyboard */,
				ECA4629D1AEFB442003CC654 /* Images.xcassets */,
				ECA4629F1AEFB442003CC654 /* LaunchScreen.xib */,
				ECA462941AEFB442003CC654 /* Supporting Files */,
				ECA462B61AEFB45E003CC654 /* Curry.swift */,
				ECA462B81AEFF737003CC654 /* Currying.swift */,
				EC11BED51AF08DAD00843EEB /* UI.swift */,
			);
			path = "Swift之柯里化函数";
			sourceTree = "<group>";
		};
		ECA462941AEFB442003CC654 /* Supporting Files */ = {
			isa = PBXGroup;
			children = (
				ECA462951AEFB442003CC654 /* Info.plist */,
			);
			name = "Supporting Files";
			sourceTree = "<group>";
		};
		ECA462A91AEFB442003CC654 /* Swift之柯里化函数Tests */ = {
			isa = PBXGroup;
			children = (
				ECA462AC1AEFB442003CC654 /* Swift______Tests.swift */,
				ECA462AA1AEFB442003CC654 /* Supporting Files */,
			);
			path = "Swift之柯里化函数Tests";
			sourceTree = "<group>";
		};
		ECA462AA1AEFB442003CC654 /* Supporting Files */ = {
			isa = PBXGroup;
			children = (
				ECA462AB1AEFB442003CC654 /* Info.plist */,
			);
			name = "Supporting Files";
			sourceTree = "<group>";
		};
/* End PBXGroup section */

/* Begin PBXNativeTarget section */
		ECA462901AEFB442003CC654 /* Swift之柯里化函数 */ = {
			isa = PBXNativeTarget;
			buildConfigurationList = ECA462B01AEFB442003CC654 /* Build configuration list for PBXNativeTarget "Swift之柯里化函数" */;
			buildPhases = (
				ECA4628D1AEFB442003CC654 /* Sources */,
				ECA4628E1AEFB442003CC654 /* Frameworks */,
				ECA4628F1AEFB442003CC654 /* Resources */,
			);
			buildRules = (
			);
			dependencies = (
			);
			name = "Swift之柯里化函数";
			productName = "Swift之柯里化函数";
			productReference = ECA462911AEFB442003CC654 /* Swift之柯里化函数.app */;
			productType = "com.apple.product-type.application";
		};
		ECA462A51AEFB442003CC654 /* Swift之柯里化函数Tests */ = {
			isa = PBXNativeTarget;
			buildConfigurationList = ECA462B31AEFB442003CC654 /* Build configuration list for PBXNativeTarget "Swift之柯里化函数Tests" */;
			buildPhases = (
				ECA462A21AEFB442003CC654 /* Sources */,
				ECA462A31AEFB442003CC654 /* Frameworks */,
				ECA462A41AEFB442003CC654 /* Resources */,
			);
			buildRules = (
			);
			dependencies = (
				ECA462A81AEFB442003CC654 /* PBXTargetDependency */,
			);
			name = "Swift之柯里化函数Tests";
			productName = "Swift之柯里化函数Tests";
			productReference = ECA462A61AEFB442003CC654 /* Swift之柯里化函数Tests.xctest */;
			productType = "com.apple.product-type.bundle.unit-test";
		};
/* End PBXNativeTarget section */

/* Begin PBXProject section */
		ECA462891AEFB442003CC654 /* Project object */ = {
			isa = PBXProject;
			attributes = {
				LastUpgradeCheck = 0630;
				ORGANIZATIONNAME = yz;
				TargetAttributes = {
					ECA462901AEFB442003CC654 = {
						CreatedOnToolsVersion = 6.3.1;
					};
					ECA462A51AEFB442003CC654 = {
						CreatedOnToolsVersion = 6.3.1;
						TestTargetID = ECA462901AEFB442003CC654;
					};
				};
			};
			buildConfigurationList = ECA4628C1AEFB442003CC654 /* Build configuration list for PBXProject "Swift之柯里化函数" */;
			compatibilityVersion = "Xcode 3.2";
			developmentRegion = English;
			hasScannedForEncodings = 0;
			knownRegions = (
				en,
				Base,
			);
			mainGroup = ECA462881AEFB442003CC654;
			productRefGroup = ECA462921AEFB442003CC654 /* Products */;
			projectDirPath = "";
			projectRoot = "";
			targets = (
				ECA462901AEFB442003CC654 /* Swift之柯里化函数 */,
				ECA462A51AEFB442003CC654 /* Swift之柯里化函数Tests */,
			);
		};
/* End PBXProject section */

/* Begin PBXResourcesBuildPhase section */
		ECA4628F1AEFB442003CC654 /* Resources */ = {
			isa = PBXResourcesBuildPhase;
			buildActionMask = 2147483647;
			files = (
				ECA4629C1AEFB442003CC654 /* Main.storyboard in Resources */,
				ECA462A11AEFB442003CC654 /* LaunchScreen.xib in Resources */,
				ECA4629E1AEFB442003CC654 /* Images.xcassets in Resources */,
			);
			runOnlyForDeploymentPostprocessing = 0;
		};
		ECA462A41AEFB442003CC654 /* Resources */ = {
			isa = PBXResourcesBuildPhase;
			buildActionMask = 2147483647;
			files = (
			);
			runOnlyForDeploymentPostprocessing = 0;
		};
/* End PBXResourcesBuildPhase section */

/* Begin PBXSourcesBuildPhase section */
		ECA4628D1AEFB442003CC654 /* Sources */ = {
			isa = PBXSourcesBuildPhase;
			buildActionMask = 2147483647;
			files = (
				ECA462B91AEFF737003CC654 /* Currying.swift in Sources */,
				ECA462991AEFB442003CC654 /* ViewController.swift in Sources */,
				ECA462B71AEFB45E003CC654 /* Curry.swift in Sources */,
				EC11BED61AF08DAD00843EEB /* UI.swift in Sources */,
				ECA462971AEFB442003CC654 /* AppDelegate.swift in Sources */,
			);
			runOnlyForDeploymentPostprocessing = 0;
		};
		ECA462A21AEFB442003CC654 /* Sources */ = {
			isa = PBXSourcesBuildPhase;
			buildActionMask = 2147483647;
			files = (
				ECA462AD1AEFB442003CC654 /* Swift______Tests.swift in Sources */,
			);
			runOnlyForDeploymentPostprocessing = 0;
		};
/* End PBXSourcesBuildPhase section */

/* Begin PBXTargetDependency section */
		ECA462A81AEFB442003CC654 /* PBXTargetDependency */ = {
			isa = PBXTargetDependency;
			target = ECA462901AEFB442003CC654 /* Swift之柯里化函数 */;
			targetProxy = ECA462A71AEFB442003CC654 /* PBXContainerItemProxy */;
		};
/* End PBXTargetDependency section */

/* Begin PBXVariantGroup section */
		ECA4629A1AEFB442003CC654 /* Main.storyboard */ = {
			isa = PBXVariantGroup;
			children = (
				ECA4629B1AEFB442003CC654 /* Base */,
			);
			name = Main.storyboard;
			sourceTree = "<group>";
		};
		ECA4629F1AEFB442003CC654 /* LaunchScreen.xib */ = {
			isa = PBXVariantGroup;
			children = (
				ECA462A01AEFB442003CC654 /* Base */,
			);
			name = LaunchScreen.xib;
			sourceTree = "<group>";
		};
/* End PBXVariantGroup section */

/* Begin XCBuildConfiguration section */
		ECA462AE1AEFB442003CC654 /* Debug */ = {
			isa = XCBuildConfiguration;
			buildSettings = {
				ALWAYS_SEARCH_USER_PATHS = NO;
				CLANG_CXX_LANGUAGE_STANDARD = "gnu++0x";
				CLANG_CXX_LIBRARY = "libc++";
				CLANG_ENABLE_MODULES = YES;
				CLANG_ENABLE_OBJC_ARC = YES;
				CLANG_WARN_BOOL_CONVERSION = YES;
				CLANG_WARN_CONSTANT_CONVERSION = YES;
				CLANG_WARN_DIRECT_OBJC_ISA_USAGE = YES_ERROR;
				CLANG_WARN_EMPTY_BODY = YES;
				CLANG_WARN_ENUM_CONVERSION = YES;
				CLANG_WARN_INT_CONVERSION = YES;
				CLANG_WARN_OBJC_ROOT_CLASS = YES_ERROR;
				CLANG_WARN_UNREACHABLE_CODE = YES;
				CLANG_WARN__DUPLICATE_METHOD_MATCH = YES;
				"CODE_SIGN_IDENTITY[sdk=iphoneos*]" = "iPhone Developer";
				COPY_PHASE_STRIP = NO;
				DEBUG_INFORMATION_FORMAT = "dwarf-with-dsym";
				ENABLE_STRICT_OBJC_MSGSEND = YES;
				GCC_C_LANGUAGE_STANDARD = gnu99;
				GCC_DYNAMIC_NO_PIC = NO;
				GCC_NO_COMMON_BLOCKS = YES;
				GCC_OPTIMIZATION_LEVEL = 0;
				GCC_PREPROCESSOR_DEFINITIONS = (
					"DEBUG=1",
					"$(inherited)",
				);
				GCC_SYMBOLS_PRIVATE_EXTERN = NO;
				GCC_WARN_64_TO_32_BIT_CONVERSION = YES;
				GCC_WARN_ABOUT_RETURN_TYPE = YES_ERROR;
				GCC_WARN_UNDECLARED_SELECTOR = YES;
				GCC_WARN_UNINITIALIZED_AUTOS = YES_AGGRESSIVE;
				GCC_WARN_UNUSED_FUNCTION = YES;
				GCC_WARN_UNUSED_VARIABLE = YES;
				IPHONEOS_DEPLOYMENT_TARGET = 8.3;
				MTL_ENABLE_DEBUG_INFO = YES;
				ONLY_ACTIVE_ARCH = YES;
				SDKROOT = iphoneos;
				SWIFT_OPTIMIZATION_LEVEL = "-Onone";
			};
			name = Debug;
		};
		ECA462AF1AEFB442003CC654 /* Release */ = {
			isa = XCBuildConfiguration;
			buildSettings = {
				ALWAYS_SEARCH_USER_PATHS = NO;
				CLANG_CXX_LANGUAGE_STANDARD = "gnu++0x";
				CLANG_CXX_LIBRARY = "libc++";
				CLANG_ENABLE_MODULES = YES;
				CLANG_ENABLE_OBJC_ARC = YES;
				CLANG_WARN_BOOL_CONVERSION = YES;
				CLANG_WARN_CONSTANT_CONVERSION = YES;
				CLANG_WARN_DIRECT_OBJC_ISA_USAGE = YES_ERROR;
				CLANG_WARN_EMPTY_BODY = YES;
				CLANG_WARN_ENUM_CONVERSION = YES;
				CLANG_WARN_INT_CONVERSION = YES;
				CLANG_WARN_OBJC_ROOT_CLASS = YES_ERROR;
				CLANG_WARN_UNREACHABLE_CODE = YES;
				CLANG_WARN__DUPLICATE_METHOD_MATCH = YES;
				"CODE_SIGN_IDENTITY[sdk=iphoneos*]" = "iPhone Developer";
				COPY_PHASE_STRIP = NO;
				DEBUG_INFORMATION_FORMAT = "dwarf-with-dsym";
				ENABLE_NS_ASSERTIONS = NO;
				ENABLE_STRICT_OBJC_MSGSEND = YES;
				GCC_C_LANGUAGE_STANDARD = gnu99;
				GCC_NO_COMMON_BLOCKS = YES;
				GCC_WARN_64_TO_32_BIT_CONVERSION = YES;
				GCC_WARN_ABOUT_RETURN_TYPE = YES_ERROR;
				GCC_WARN_UNDECLARED_SELECTOR = YES;
				GCC_WARN_UNINITIALIZED_AUTOS = YES_AGGRESSIVE;
				GCC_WARN_UNUSED_FUNCTION = YES;
				GCC_WARN_UNUSED_VARIABLE = YES;
				IPHONEOS_DEPLOYMENT_TARGET = 8.3;
				MTL_ENABLE_DEBUG_INFO = NO;
				SDKROOT = iphoneos;
				VALIDATE_PRODUCT = YES;
			};
			name = Release;
		};
		ECA462B11AEFB442003CC654 /* Debug */ = {
			isa = XCBuildConfiguration;
			buildSettings = {
				ASSETCATALOG_COMPILER_APPICON_NAME = AppIcon;
				INFOPLIST_FILE = "Swift之柯里化函数/Info.plist";
				LD_RUNPATH_SEARCH_PATHS = "$(inherited) @executable_path/Frameworks";
				PRODUCT_NAME = "$(TARGET_NAME)";
			};
			name = Debug;
		};
		ECA462B21AEFB442003CC654 /* Release */ = {
			isa = XCBuildConfiguration;
			buildSettings = {
				ASSETCATALOG_COMPILER_APPICON_NAME = AppIcon;
				INFOPLIST_FILE = "Swift之柯里化函数/Info.plist";
				LD_RUNPATH_SEARCH_PATHS = "$(inherited) @executable_path/Frameworks";
				PRODUCT_NAME = "$(TARGET_NAME)";
			};
			name = Release;
		};
		ECA462B41AEFB442003CC654 /* Debug */ = {
			isa = XCBuildConfiguration;
			buildSettings = {
				BUNDLE_LOADER = "$(TEST_HOST)";
				FRAMEWORK_SEARCH_PATHS = (
					"$(SDKROOT)/Developer/Library/Frameworks",
					"$(inherited)",
				);
				GCC_PREPROCESSOR_DEFINITIONS = (
					"DEBUG=1",
					"$(inherited)",
				);
				INFOPLIST_FILE = "Swift之柯里化函数Tests/Info.plist";
				LD_RUNPATH_SEARCH_PATHS = "$(inherited) @executable_path/Frameworks @loader_path/Frameworks";
				PRODUCT_NAME = "$(TARGET_NAME)";
				TEST_HOST = "$(BUILT_PRODUCTS_DIR)/Swift之柯里化函数.app/Swift之柯里化函数";
			};
			name = Debug;
		};
		ECA462B51AEFB442003CC654 /* Release */ = {
			isa = XCBuildConfiguration;
			buildSettings = {
				BUNDLE_LOADER = "$(TEST_HOST)";
				FRAMEWORK_SEARCH_PATHS = (
					"$(SDKROOT)/Developer/Library/Frameworks",
					"$(inherited)",
				);
				INFOPLIST_FILE = "Swift之柯里化函数Tests/Info.plist";
				LD_RUNPATH_SEARCH_PATHS = "$(inherited) @executable_path/Frameworks @loader_path/Frameworks";
				PRODUCT_NAME = "$(TARGET_NAME)";
				TEST_HOST = "$(BUILT_PRODUCTS_DIR)/Swift之柯里化函数.app/Swift之柯里化函数";
			};
			name = Release;
		};
/* End XCBuildConfiguration section */

/* Begin XCConfigurationList section */
		ECA4628C1AEFB442003CC654 /* Build configuration list for PBXProject "Swift之柯里化函数" */ = {
			isa = XCConfigurationList;
			buildConfigurations = (
				ECA462AE1AEFB442003CC654 /* Debug */,
				ECA462AF1AEFB442003CC654 /* Release */,
			);
			defaultConfigurationIsVisible = 0;
			defaultConfigurationName = Release;
		};
		ECA462B01AEFB442003CC654 /* Build configuration list for PBXNativeTarget "Swift之柯里化函数" */ = {
			isa = XCConfigurationList;
			buildConfigurations = (
				ECA462B11AEFB442003CC654 /* Debug */,
				ECA462B21AEFB442003CC654 /* Release */,
			);
			defaultConfigurationIsVisible = 0;
			defaultConfigurationName = Release;
		};
		ECA462B31AEFB442003CC654 /* Build configuration list for PBXNativeTarget "Swift之柯里化函数Tests" */ = {
			isa = XCConfigurationList;
			buildConfigurations = (
				ECA462B41AEFB442003CC654 /* Debug */,
				ECA462B51AEFB442003CC654 /* Release */,
			);
			defaultConfigurationIsVisible = 0;
			defaultConfigurationName = Release;
		};
/* End XCConfigurationList section */
	};
	rootObject = ECA462891AEFB442003CC654 /* Project object */;
}
